// !$*UTF8*$!
{
	archiveVersion = 1;
	classes = {
	};
	objectVersion = 50;
	objects = {

/* Begin PBXBuildFile section */
		08364DC02289A4B500C9C86D /* AppDelegate.swift in Sources */ = {isa = PBXBuildFile; fileRef = 08364DBF2289A4B500C9C86D /* AppDelegate.swift */; };
		08364DC22289A4B500C9C86D /* ViewController.swift in Sources */ = {isa = PBXBuildFile; fileRef = 08364DC12289A4B500C9C86D /* ViewController.swift */; };
		08364DC52289A4B500C9C86D /* Main.storyboard in Resources */ = {isa = PBXBuildFile; fileRef = 08364DC32289A4B500C9C86D /* Main.storyboard */; };
		08364DC72289A4B600C9C86D /* Assets.xcassets in Resources */ = {isa = PBXBuildFile; fileRef = 08364DC62289A4B600C9C86D /* Assets.xcassets */; };
		08364DCA2289A4B600C9C86D /* LaunchScreen.storyboard in Resources */ = {isa = PBXBuildFile; fileRef = 08364DC82289A4B600C9C86D /* LaunchScreen.storyboard */; };
		08364DD52289A4B600C9C86D /* Lerning___SetTests.swift in Sources */ = {isa = PBXBuildFile; fileRef = 08364DD42289A4B600C9C86D /* Lerning___SetTests.swift */; };
		08364DE02289A4B600C9C86D /* Lerning___SetUITests.swift in Sources */ = {isa = PBXBuildFile; fileRef = 08364DDF2289A4B600C9C86D /* Lerning___SetUITests.swift */; };
/* End PBXBuildFile section */

/* Begin PBXContainerItemProxy section */
		08364DD12289A4B600C9C86D /* PBXContainerItemProxy */ = {
			isa = PBXContainerItemProxy;
			containerPortal = 08364DB42289A4B500C9C86D /* Project object */;
			proxyType = 1;
			remoteGlobalIDString = 08364DBB2289A4B500C9C86D;
			remoteInfo = "Lerning - Set";
		};
		08364DDC2289A4B600C9C86D /* PBXContainerItemProxy */ = {
			isa = PBXContainerItemProxy;
			containerPortal = 08364DB42289A4B500C9C86D /* Project object */;
			proxyType = 1;
			remoteGlobalIDString = 08364DBB2289A4B500C9C86D;
			remoteInfo = "Lerning - Set";
		};
/* End PBXContainerItemProxy section */

/* Begin PBXFileReference section */
		08364DBC2289A4B500C9C86D /* Lerning - Set.app */ = {isa = PBXFileReference; explicitFileType = wrapper.application; includeInIndex = 0; path = "Lerning - Set.app"; sourceTree = BUILT_PRODUCTS_DIR; };
		08364DBF2289A4B500C9C86D /* AppDelegate.swift */ = {isa = PBXFileReference; lastKnownFileType = sourcecode.swift; path = AppDelegate.swift; sourceTree = "<group>"; };
		08364DC12289A4B500C9C86D /* ViewController.swift */ = {isa = PBXFileReference; lastKnownFileType = sourcecode.swift; path = ViewController.swift; sourceTree = "<group>"; };
		08364DC42289A4B500C9C86D /* Base */ = {isa = PBXFileReference; lastKnownFileType = file.storyboard; name = Base; path = Base.lproj/Main.storyboard; sourceTree = "<group>"; };
		08364DC62289A4B600C9C86D /* Assets.xcassets */ = {isa = PBXFileReference; lastKnownFileType = folder.assetcatalog; path = Assets.xcassets; sourceTree = "<group>"; };
		08364DC92289A4B600C9C86D /* Base */ = {isa = PBXFileReference; lastKnownFileType = file.storyboard; name = Base; path = Base.lproj/LaunchScreen.storyboard; sourceTree = "<group>"; };
		08364DCB2289A4B600C9C86D /* Info.plist */ = {isa = PBXFileReference; lastKnownFileType = text.plist.xml; path = Info.plist; sourceTree = "<group>"; };
		08364DD02289A4B600C9C86D /* Lerning - SetTests.xctest */ = {isa = PBXFileReference; explicitFileType = wrapper.cfbundle; includeInIndex = 0; path = "Lerning - SetTests.xctest"; sourceTree = BUILT_PRODUCTS_DIR; };
		08364DD42289A4B600C9C86D /* Lerning___SetTests.swift */ = {isa = PBXFileReference; lastKnownFileType = sourcecode.swift; path = "Lerning___SetTests.swift"; sourceTree = "<group>"; };
		08364DD62289A4B600C9C86D /* Info.plist */ = {isa = PBXFileReference; lastKnownFileType = text.plist.xml; path = Info.plist; sourceTree = "<group>"; };
		08364DDB2289A4B600C9C86D /* Lerning - SetUITests.xctest */ = {isa = PBXFileReference; explicitFileType = wrapper.cfbundle; includeInIndex = 0; path = "Lerning - SetUITests.xctest"; sourceTree = BUILT_PRODUCTS_DIR; };
		08364DDF2289A4B600C9C86D /* Lerning___SetUITests.swift */ = {isa = PBXFileReference; lastKnownFileType = sourcecode.swift; path = "Lerning___SetUITests.swift"; sourceTree = "<group>"; };
		08364DE12289A4B600C9C86D /* Info.plist */ = {isa = PBXFileReference; lastKnownFileType = text.plist.xml; path = Info.plist; sourceTree = "<group>"; };
/* End PBXFileReference section */

/* Begin PBXFrameworksBuildPhase section */
		08364DB92289A4B500C9C86D /* Frameworks */ = {
			isa = PBXFrameworksBuildPhase;
			buildActionMask = 2147483647;
			files = (
			);
			runOnlyForDeploymentPostprocessing = 0;
		};
		08364DCD2289A4B600C9C86D /* Frameworks */ = {
			isa = PBXFrameworksBuildPhase;
			buildActionMask = 2147483647;
			files = (
			);
			runOnlyForDeploymentPostprocessing = 0;
		};
		08364DD82289A4B600C9C86D /* Frameworks */ = {
			isa = PBXFrameworksBuildPhase;
			buildActionMask = 2147483647;
			files = (
			);
			runOnlyForDeploymentPostprocessing = 0;
		};
/* End PBXFrameworksBuildPhase section */

/* Begin PBXGroup section */
		08364DB32289A4B500C9C86D = {
			isa = PBXGroup;
			children = (
				08364DBE2289A4B500C9C86D /* Lerning - Set */,
				08364DD32289A4B600C9C86D /* Lerning - SetTests */,
				08364DDE2289A4B600C9C86D /* Lerning - SetUITests */,
				08364DBD2289A4B500C9C86D /* Products */,
			);
			sourceTree = "<group>";
		};
		08364DBD2289A4B500C9C86D /* Products */ = {
			isa = PBXGroup;
			children = (
				08364DBC2289A4B500C9C86D /* Lerning - Set.app */,
				08364DD02289A4B600C9C86D /* Lerning - SetTests.xctest */,
				08364DDB2289A4B600C9C86D /* Lerning - SetUITests.xctest */,
			);
			name = Products;
			sourceTree = "<group>";
		};
		08364DBE2289A4B500C9C86D /* Lerning - Set */ = {
			isa = PBXGroup;
			children = (
				08364DBF2289A4B500C9C86D /* AppDelegate.swift */,
				08364DC12289A4B500C9C86D /* ViewController.swift */,
				08364DC32289A4B500C9C86D /* Main.storyboard */,
				08364DC62289A4B600C9C86D /* Assets.xcassets */,
				08364DC82289A4B600C9C86D /* LaunchScreen.storyboard */,
				08364DCB2289A4B600C9C86D /* Info.plist */,
			);
			path = "Lerning - Set";
			sourceTree = "<group>";
		};
		08364DD32289A4B600C9C86D /* Lerning - SetTests */ = {
			isa = PBXGroup;
			children = (
				08364DD42289A4B600C9C86D /* Lerning___SetTests.swift */,
				08364DD62289A4B600C9C86D /* Info.plist */,
			);
			path = "Lerning - SetTests";
			sourceTree = "<group>";
		};
		08364DDE2289A4B600C9C86D /* Lerning - SetUITests */ = {
			isa = PBXGroup;
			children = (
				08364DDF2289A4B600C9C86D /* Lerning___SetUITests.swift */,
				08364DE12289A4B600C9C86D /* Info.plist */,
			);
			path = "Lerning - SetUITests";
			sourceTree = "<group>";
		};
/* End PBXGroup section */

/* Begin PBXNativeTarget section */
		08364DBB2289A4B500C9C86D /* Lerning - Set */ = {
			isa = PBXNativeTarget;
			buildConfigurationList = 08364DE42289A4B600C9C86D /* Build configuration list for PBXNativeTarget "Lerning - Set" */;
			buildPhases = (
				08364DB82289A4B500C9C86D /* Sources */,
				08364DB92289A4B500C9C86D /* Frameworks */,
				08364DBA2289A4B500C9C86D /* Resources */,
			);
			buildRules = (
			);
			dependencies = (
			);
			name = "Lerning - Set";
			productName = "Lerning - Set";
			productReference = 08364DBC2289A4B500C9C86D /* Lerning - Set.app */;
			productType = "com.apple.product-type.application";
		};
		08364DCF2289A4B600C9C86D /* Lerning - SetTests */ = {
			isa = PBXNativeTarget;
			buildConfigurationList = 08364DE72289A4B600C9C86D /* Build configuration list for PBXNativeTarget "Lerning - SetTests" */;
			buildPhases = (
				08364DCC2289A4B600C9C86D /* Sources */,
				08364DCD2289A4B600C9C86D /* Frameworks */,
				08364DCE2289A4B600C9C86D /* Resources */,
			);
			buildRules = (
			);
			dependencies = (
				08364DD22289A4B600C9C86D /* PBXTargetDependency */,
			);
			name = "Lerning - SetTests";
			productName = "Lerning - SetTests";
			productReference = 08364DD02289A4B600C9C86D /* Lerning - SetTests.xctest */;
			productType = "com.apple.product-type.bundle.unit-test";
		};
		08364DDA2289A4B600C9C86D /* Lerning - SetUITests */ = {
			isa = PBXNativeTarget;
			buildConfigurationList = 08364DEA2289A4B600C9C86D /* Build configuration list for PBXNativeTarget "Lerning - SetUITests" */;
			buildPhases = (
				08364DD72289A4B600C9C86D /* Sources */,
				08364DD82289A4B600C9C86D /* Frameworks */,
				08364DD92289A4B600C9C86D /* Resources */,
			);
			buildRules = (
			);
			dependencies = (
				08364DDD2289A4B600C9C86D /* PBXTargetDependency */,
			);
			name = "Lerning - SetUITests";
			productName = "Lerning - SetUITests";
			productReference = 08364DDB2289A4B600C9C86D /* Lerning - SetUITests.xctest */;
			productType = "com.apple.product-type.bundle.ui-testing";
		};
/* End PBXNativeTarget section */

/* Begin PBXProject section */
		08364DB42289A4B500C9C86D /* Project object */ = {
			isa = PBXProject;
			attributes = {
				LastSwiftUpdateCheck = 1020;
				LastUpgradeCheck = 1020;
				ORGANIZATIONNAME = "Yuya Mammoto";
				TargetAttributes = {
					08364DBB2289A4B500C9C86D = {
						CreatedOnToolsVersion = 10.2.1;
					};
					08364DCF2289A4B600C9C86D = {
						CreatedOnToolsVersion = 10.2.1;
						TestTargetID = 08364DBB2289A4B500C9C86D;
					};
					08364DDA2289A4B600C9C86D = {
						CreatedOnToolsVersion = 10.2.1;
						TestTargetID = 08364DBB2289A4B500C9C86D;
					};
				};
			};
			buildConfigurationList = 08364DB72289A4B500C9C86D /* Build configuration list for PBXProject "Lerning - Set" */;
			compatibilityVersion = "Xcode 9.3";
			developmentRegion = en;
			hasScannedForEncodings = 0;
			knownRegions = (
				en,
				Base,
			);
			mainGroup = 08364DB32289A4B500C9C86D;
			productRefGroup = 08364DBD2289A4B500C9C86D /* Products */;
			projectDirPath = "";
			projectRoot = "";
			targets = (
				08364DBB2289A4B500C9C86D /* Lerning - Set */,
				08364DCF2289A4B600C9C86D /* Lerning - SetTests */,
				08364DDA2289A4B600C9C86D /* Lerning - SetUITests */,
			);
		};
/* End PBXProject section */

/* Begin PBXResourcesBuildPhase section */
		08364DBA2289A4B500C9C86D /* Resources */ = {
			isa = PBXResourcesBuildPhase;
			buildActionMask = 2147483647;
			files = (
				08364DCA2289A4B600C9C86D /* LaunchScreen.storyboard in Resources */,
				08364DC72289A4B600C9C86D /* Assets.xcassets in Resources */,
				08364DC52289A4B500C9C86D /* Main.storyboard in Resources */,
			);
			runOnlyForDeploymentPostprocessing = 0;
		};
		08364DCE2289A4B600C9C86D /* Resources */ = {
			isa = PBXResourcesBuildPhase;
			buildActionMask = 2147483647;
			files = (
			);
			runOnlyForDeploymentPostprocessing = 0;
		};
		08364DD92289A4B600C9C86D /* Resources */ = {
			isa = PBXResourcesBuildPhase;
			buildActionMask = 2147483647;
			files = (
			);
			runOnlyForDeploymentPostprocessing = 0;
		};
/* End PBXResourcesBuildPhase section */

/* Begin PBXSourcesBuildPhase section */
		08364DB82289A4B500C9C86D /* Sources */ = {
			isa = PBXSourcesBuildPhase;
			buildActionMask = 2147483647;
			files = (
				08364DC22289A4B500C9C86D /* ViewController.swift in Sources */,
				08364DC02289A4B500C9C86D /* AppDelegate.swift in Sources */,
			);
			runOnlyForDeploymentPostprocessing = 0;
		};
		08364DCC2289A4B600C9C86D /* Sources */ = {
			isa = PBXSourcesBuildPhase;
			buildActionMask = 2147483647;
			files = (
				08364DD52289A4B600C9C86D /* Lerning___SetTests.swift in Sources */,
			);
			runOnlyForDeploymentPostprocessing = 0;
		};
		08364DD72289A4B600C9C86D /* Sources */ = {
			isa = PBXSourcesBuildPhase;
			buildActionMask = 2147483647;
			files = (
				08364DE02289A4B600C9C86D /* Lerning___SetUITests.swift in Sources */,
			);
			runOnlyForDeploymentPostprocessing = 0;
		};
/* End PBXSourcesBuildPhase section */

/* Begin PBXTargetDependency section */
		08364DD22289A4B600C9C86D /* PBXTargetDependency */ = {
			isa = PBXTargetDependency;
			target = 08364DBB2289A4B500C9C86D /* Lerning - Set */;
			targetProxy = 08364DD12289A4B600C9C86D /* PBXContainerItemProxy */;
		};
		08364DDD2289A4B600C9C86D /* PBXTargetDependency */ = {
			isa = PBXTargetDependency;
			target = 08364DBB2289A4B500C9C86D /* Lerning - Set */;
			targetProxy = 08364DDC2289A4B600C9C86D /* PBXContainerItemProxy */;
		};
/* End PBXTargetDependency section */

/* Begin PBXVariantGroup section */
		08364DC32289A4B500C9C86D /* Main.storyboard */ = {
			isa = PBXVariantGroup;
			children = (
				08364DC42289A4B500C9C86D /* Base */,
			);
			name = Main.storyboard;
			sourceTree = "<group>";
		};
		08364DC82289A4B600C9C86D /* LaunchScreen.storyboard */ = {
			isa = PBXVariantGroup;
			children = (
				08364DC92289A4B600C9C86D /* Base */,
			);
			name = LaunchScreen.storyboard;
			sourceTree = "<group>";
		};
/* End PBXVariantGroup section */

/* Begin XCBuildConfiguration section */
		08364DE22289A4B600C9C86D /* Debug */ = {
			isa = XCBuildConfiguration;
			buildSettings = {
				ALWAYS_SEARCH_USER_PATHS = NO;
				CLANG_ANALYZER_NONNULL = YES;
				CLANG_ANALYZER_NUMBER_OBJECT_CONVERSION = YES_AGGRESSIVE;
				CLANG_CXX_LANGUAGE_STANDARD = "gnu++14";
				CLANG_CXX_LIBRARY = "libc++";
				CLANG_ENABLE_MODULES = YES;
				CLANG_ENABLE_OBJC_ARC = YES;
				CLANG_ENABLE_OBJC_WEAK = YES;
				CLANG_WARN_BLOCK_CAPTURE_AUTORELEASING = YES;
				CLANG_WARN_BOOL_CONVERSION = YES;
				CLANG_WARN_COMMA = YES;
				CLANG_WARN_CONSTANT_CONVERSION = YES;
				CLANG_WARN_DEPRECATED_OBJC_IMPLEMENTATIONS = YES;
				CLANG_WARN_DIRECT_OBJC_ISA_USAGE = YES_ERROR;
				CLANG_WARN_DOCUMENTATION_COMMENTS = YES;
				CLANG_WARN_EMPTY_BODY = YES;
				CLANG_WARN_ENUM_CONVERSION = YES;
				CLANG_WARN_INFINITE_RECURSION = YES;
				CLANG_WARN_INT_CONVERSION = YES;
				CLANG_WARN_NON_LITERAL_NULL_CONVERSION = YES;
				CLANG_WARN_OBJC_IMPLICIT_RETAIN_SELF = YES;
				CLANG_WARN_OBJC_LITERAL_CONVERSION = YES;
				CLANG_WARN_OBJC_ROOT_CLASS = YES_ERROR;
				CLANG_WARN_RANGE_LOOP_ANALYSIS = YES;
				CLANG_WARN_STRICT_PROTOTYPES = YES;
				CLANG_WARN_SUSPICIOUS_MOVE = YES;
				CLANG_WARN_UNGUARDED_AVAILABILITY = YES_AGGRESSIVE;
				CLANG_WARN_UNREACHABLE_CODE = YES;
				CLANG_WARN__DUPLICATE_METHOD_MATCH = YES;
				CODE_SIGN_IDENTITY = "iPhone Developer";
				COPY_PHASE_STRIP = NO;
				DEBUG_INFORMATION_FORMAT = dwarf;
				ENABLE_STRICT_OBJC_MSGSEND = YES;
				ENABLE_TESTABILITY = YES;
				GCC_C_LANGUAGE_STANDARD = gnu11;
				GCC_DYNAMIC_NO_PIC = NO;
				GCC_NO_COMMON_BLOCKS = YES;
				GCC_OPTIMIZATION_LEVEL = 0;
				GCC_PREPROCESSOR_DEFINITIONS = (
					"DEBUG=1",
					"$(inherited)",
				);
				GCC_WARN_64_TO_32_BIT_CONVERSION = YES;
				GCC_WARN_ABOUT_RETURN_TYPE = YES_ERROR;
				GCC_WARN_UNDECLARED_SELECTOR = YES;
				GCC_WARN_UNINITIALIZED_AUTOS = YES_AGGRESSIVE;
				GCC_WARN_UNUSED_FUNCTION = YES;
				GCC_WARN_UNUSED_VARIABLE = YES;
				IPHONEOS_DEPLOYMENT_TARGET = 12.2;
				MTL_ENABLE_DEBUG_INFO = INCLUDE_SOURCE;
				MTL_FAST_MATH = YES;
				ONLY_ACTIVE_ARCH = YES;
				SDKROOT = iphoneos;
				SWIFT_ACTIVE_COMPILATION_CONDITIONS = DEBUG;
				SWIFT_OPTIMIZATION_LEVEL = "-Onone";
			};
			name = Debug;
		};
		08364DE32289A4B600C9C86D /* Release */ = {
			isa = XCBuildConfiguration;
			buildSettings = {
				ALWAYS_SEARCH_USER_PATHS = NO;
				CLANG_ANALYZER_NONNULL = YES;
				CLANG_ANALYZER_NUMBER_OBJECT_CONVERSION = YES_AGGRESSIVE;
				CLANG_CXX_LANGUAGE_STANDARD = "gnu++14";
				CLANG_CXX_LIBRARY = "libc++";
				CLANG_ENABLE_MODULES = YES;
				CLANG_ENABLE_OBJC_ARC = YES;
				CLANG_ENABLE_OBJC_WEAK = YES;
				CLANG_WARN_BLOCK_CAPTURE_AUTORELEASING = YES;
				CLANG_WARN_BOOL_CONVERSION = YES;
				CLANG_WARN_COMMA = YES;
				CLANG_WARN_CONSTANT_CONVERSION = YES;
				CLANG_WARN_DEPRECATED_OBJC_IMPLEMENTATIONS = YES;
				CLANG_WARN_DIRECT_OBJC_ISA_USAGE = YES_ERROR;
				CLANG_WARN_DOCUMENTATION_COMMENTS = YES;
				CLANG_WARN_EMPTY_BODY = YES;
				CLANG_WARN_ENUM_CONVERSION = YES;
				CLANG_WARN_INFINITE_RECURSION = YES;
				CLANG_WARN_INT_CONVERSION = YES;
				CLANG_WARN_NON_LITERAL_NULL_CONVERSION = YES;
				CLANG_WARN_OBJC_IMPLICIT_RETAIN_SELF = YES;
				CLANG_WARN_OBJC_LITERAL_CONVERSION = YES;
				CLANG_WARN_OBJC_ROOT_CLASS = YES_ERROR;
				CLANG_WARN_RANGE_LOOP_ANALYSIS = YES;
				CLANG_WARN_STRICT_PROTOTYPES = YES;
				CLANG_WARN_SUSPICIOUS_MOVE = YES;
				CLANG_WARN_UNGUARDED_AVAILABILITY = YES_AGGRESSIVE;
				CLANG_WARN_UNREACHABLE_CODE = YES;
				CLANG_WARN__DUPLICATE_METHOD_MATCH = YES;
				CODE_SIGN_IDENTITY = "iPhone Developer";
				COPY_PHASE_STRIP = NO;
				DEBUG_INFORMATION_FORMAT = "dwarf-with-dsym";
				ENABLE_NS_ASSERTIONS = NO;
				ENABLE_STRICT_OBJC_MSGSEND = YES;
				GCC_C_LANGUAGE_STANDARD = gnu11;
				GCC_NO_COMMON_BLOCKS = YES;
				GCC_WARN_64_TO_32_BIT_CONVERSION = YES;
				GCC_WARN_ABOUT_RETURN_TYPE = YES_ERROR;
				GCC_WARN_UNDECLARED_SELECTOR = YES;
				GCC_WARN_UNINITIALIZED_AUTOS = YES_AGGRESSIVE;
				GCC_WARN_UNUSED_FUNCTION = YES;
				GCC_WARN_UNUSED_VARIABLE = YES;
				IPHONEOS_DEPLOYMENT_TARGET = 12.2;
				MTL_ENABLE_DEBUG_INFO = NO;
				MTL_FAST_MATH = YES;
				SDKROOT = iphoneos;
				SWIFT_COMPILATION_MODE = wholemodule;
				SWIFT_OPTIMIZATION_LEVEL = "-O";
				VALIDATE_PRODUCT = YES;
			};
			name = Release;
		};
		08364DE52289A4B600C9C86D /* Debug */ = {
			isa = XCBuildConfiguration;
			buildSettings = {
				ASSETCATALOG_COMPILER_APPICON_NAME = AppIcon;
				CODE_SIGN_STYLE = Automatic;
				DEVELOPMENT_TEAM = 3Y2S6T8DVN;
				INFOPLIST_FILE = "Lerning - Set/Info.plist";
				LD_RUNPATH_SEARCH_PATHS = (
					"$(inherited)",
					"@executable_path/Frameworks",
				);
				PRODUCT_BUNDLE_IDENTIFIER = "com.mac.yuya.mammoto.Lerning---Set";
				PRODUCT_NAME = "$(TARGET_NAME)";
				SWIFT_VERSION = 5.0;
				TARGETED_DEVICE_FAMILY = "1,2";
			};
			name = Debug;
		};
		08364DE62289A4B600C9C86D /* Release */ = {
			isa = XCBuildConfiguration;
			buildSettings = {
				ASSETCATALOG_COMPILER_APPICON_NAME = AppIcon;
				CODE_SIGN_STYLE = Automatic;
				DEVELOPMENT_TEAM = 3Y2S6T8DVN;
				INFOPLIST_FILE = "Lerning - Set/Info.plist";
				LD_RUNPATH_SEARCH_PATHS = (
					"$(inherited)",
					"@executable_path/Frameworks",
				);
				PRODUCT_BUNDLE_IDENTIFIER = "com.mac.yuya.mammoto.Lerning---Set";
				PRODUCT_NAME = "$(TARGET_NAME)";
				SWIFT_VERSION = 5.0;
				TARGETED_DEVICE_FAMILY = "1,2";
			};
			name = Release;
		};
		08364DE82289A4B600C9C86D /* Debug */ = {
			isa = XCBuildConfiguration;
			buildSettings = {
				ALWAYS_EMBED_SWIFT_STANDARD_LIBRARIES = YES;
				BUNDLE_LOADER = "$(TEST_HOST)";
				CODE_SIGN_STYLE = Automatic;
				DEVELOPMENT_TEAM = 3Y2S6T8DVN;
				INFOPLIST_FILE = "Lerning - SetTests/Info.plist";
				LD_RUNPATH_SEARCH_PATHS = (
					"$(inherited)",
					"@executable_path/Frameworks",
					"@loader_path/Frameworks",
				);
				PRODUCT_BUNDLE_IDENTIFIER = "com.mac.yuya.mammoto.Lerning---SetTests";
				PRODUCT_NAME = "$(TARGET_NAME)";
				SWIFT_VERSION = 5.0;
				TARGETED_DEVICE_FAMILY = "1,2";
				TEST_HOST = "$(BUILT_PRODUCTS_DIR)/Lerning - Set.app/Lerning - Set";
			};
			name = Debug;
		};
		08364DE92289A4B600C9C86D /* Release */ = {
			isa = XCBuildConfiguration;
			buildSettings = {
				ALWAYS_EMBED_SWIFT_STANDARD_LIBRARIES = YES;
				BUNDLE_LOADER = "$(TEST_HOST)";
				CODE_SIGN_STYLE = Automatic;
				DEVELOPMENT_TEAM = 3Y2S6T8DVN;
				INFOPLIST_FILE = "Lerning - SetTests/Info.plist";
				LD_RUNPATH_SEARCH_PATHS = (
					"$(inherited)",
					"@executable_path/Frameworks",
					"@loader_path/Frameworks",
				);
				PRODUCT_BUNDLE_IDENTIFIER = "com.mac.yuya.mammoto.Lerning---SetTests";
				PRODUCT_NAME = "$(TARGET_NAME)";
				SWIFT_VERSION = 5.0;
				TARGETED_DEVICE_FAMILY = "1,2";
				TEST_HOST = "$(BUILT_PRODUCTS_DIR)/Lerning - Set.app/Lerning - Set";
			};
			name = Release;
		};
		08364DEB2289A4B600C9C86D /* Debug */ = {
			isa = XCBuildConfiguration;
			buildSettings = {
				ALWAYS_EMBED_SWIFT_STANDARD_LIBRARIES = YES;
				CODE_SIGN_STYLE = Automatic;
				DEVELOPMENT_TEAM = 3Y2S6T8DVN;
				INFOPLIST_FILE = "Lerning - SetUITests/Info.plist";
				LD_RUNPATH_SEARCH_PATHS = (
					"$(inherited)",
					"@executable_path/Frameworks",
					"@loader_path/Frameworks",
				);
				PRODUCT_BUNDLE_IDENTIFIER = "com.mac.yuya.mammoto.Lerning---SetUITests";
				PRODUCT_NAME = "$(TARGET_NAME)";
				SWIFT_VERSION = 5.0;
				TARGETED_DEVICE_FAMILY = "1,2";
				TEST_TARGET_NAME = "Lerning - Set";
			};
			name = Debug;
		};
		08364DEC2289A4B600C9C86D /* Release */ = {
			isa = XCBuildConfiguration;
			buildSettings = {
				ALWAYS_EMBED_SWIFT_STANDARD_LIBRARIES = YES;
				CODE_SIGN_STYLE = Automatic;
				DEVELOPMENT_TEAM = 3Y2S6T8DVN;
				INFOPLIST_FILE = "Lerning - SetUITests/Info.plist";
				LD_RUNPATH_SEARCH_PATHS = (
					"$(inherited)",
					"@executable_path/Frameworks",
					"@loader_path/Frameworks",
				);
				PRODUCT_BUNDLE_IDENTIFIER = "com.mac.yuya.mammoto.Lerning---SetUITests";
				PRODUCT_NAME = "$(TARGET_NAME)";
				SWIFT_VERSION = 5.0;
				TARGETED_DEVICE_FAMILY = "1,2";
				TEST_TARGET_NAME = "Lerning - Set";
			};
			name = Release;
		};
/* End XCBuildConfiguration section */

/* Begin XCConfigurationList section */
		08364DB72289A4B500C9C86D /* Build configuration list for PBXProject "Lerning - Set" */ = {
			isa = XCConfigurationList;
			buildConfigurations = (
				08364DE22289A4B600C9C86D /* Debug */,
				08364DE32289A4B600C9C86D /* Release */,
			);
			defaultConfigurationIsVisible = 0;
			defaultConfigurationName = Release;
		};
		08364DE42289A4B600C9C86D /* Build configuration list for PBXNativeTarget "Lerning - Set" */ = {
			isa = XCConfigurationList;
			buildConfigurations = (
				08364DE52289A4B600C9C86D /* Debug */,
				08364DE62289A4B600C9C86D /* Release */,
			);
			defaultConfigurationIsVisible = 0;
			defaultConfigurationName = Release;
		};
		08364DE72289A4B600C9C86D /* Build configuration list for PBXNativeTarget "Lerning - SetTests" */ = {
			isa = XCConfigurationList;
			buildConfigurations = (
				08364DE82289A4B600C9C86D /* Debug */,
				08364DE92289A4B600C9C86D /* Release */,
			);
			defaultConfigurationIsVisible = 0;
			defaultConfigurationName = Release;
		};
		08364DEA2289A4B600C9C86D /* Build configuration list for PBXNativeTarget "Lerning - SetUITests" */ = {
			isa = XCConfigurationList;
			buildConfigurations = (
				08364DEB2289A4B600C9C86D /* Debug */,
				08364DEC2289A4B600C9C86D /* Release */,
			);
			defaultConfigurationIsVisible = 0;
			defaultConfigurationName = Release;
		};
/* End XCConfigurationList section */
	};
	rootObject = 08364DB42289A4B500C9C86D /* Project object */;
}
